
Microsoft Visual Studio Solution File, Format Version 12.00
# Visual Studio Version 16
VisualStudioVersion = 16.0.30611.23
MinimumVisualStudioVersion = 10.0.40219.1
Project("{FAE04EC0-301F-11D3-BF4B-00C04F79EFBC}") = "Matopeli1", "Matopeli1\Matopeli1.csproj", "{B9F03E65-9537-4EFF-B4F9-FDB2B6D4F06A}"
EndProject
Global
	GlobalSection(SolutionConfigurationPlatforms) = preSolution
		Debug|Any CPU = Debug|Any CPU
		Release|Any CPU = Release|Any CPU
	EndGlobalSection
	GlobalSection(ProjectConfigurationPlatforms) = postSolution
		{B9F03E65-9537-4EFF-B4F9-FDB2B6D4F06A}.Debug|Any CPU.ActiveCfg = Debug|Any CPU
		{B9F03E65-9537-4EFF-B4F9-FDB2B6D4F06A}.Debug|Any CPU.Build.0 = Debug|Any CPU
		{B9F03E65-9537-4EFF-B4F9-FDB2B6D4F06A}.Release|Any CPU.ActiveCfg = Release|Any CPU
		{B9F03E65-9537-4EFF-B4F9-FDB2B6D4F06A}.Release|Any CPU.Build.0 = Release|Any CPU
	EndGlobalSection
	GlobalSection(SolutionProperties) = preSolution
		HideSolutionNode = FALSE
	EndGlobalSection
	GlobalSection(ExtensibilityGlobals) = postSolution
		SolutionGuid = {EA510BB0-C97F-40F0-8335-888154861C2A}
	EndGlobalSection
EndGlobal
